
Microsoft Visual Studio Solution File, Format Version 12.00
# Visual Studio Version 17
VisualStudioVersion = 17.9.34728.123
MinimumVisualStudioVersion = 10.0.40219.1
Project("{FAE04EC0-301F-11D3-BF4B-00C04F79EFBC}") = "SchoolFestival_Raking_System", "SchoolFestival_Raking_System.csproj", "{0C5E2A69-08D2-4408-828A-2FA076843F64}"
EndProject
Project("{FAE04EC0-301F-11D3-BF4B-00C04F79EFBC}") = "Amaoto", "Amaoto\Amaoto.csproj", "{595495D3-6046-45F5-B486-B1161605FE6E}"
EndProject
Global
	GlobalSection(SolutionConfigurationPlatforms) = preSolution
		Debug|Any CPU = Debug|Any CPU
		Debug|x64 = Debug|x64
		Release|Any CPU = Release|Any CPU
		Release|x64 = Release|x64
	EndGlobalSection
	GlobalSection(ProjectConfigurationPlatforms) = postSolution
		{0C5E2A69-08D2-4408-828A-2FA076843F64}.Debug|Any CPU.ActiveCfg = Debug|Any CPU
		{0C5E2A69-08D2-4408-828A-2FA076843F64}.Debug|Any CPU.Build.0 = Debug|Any CPU
		{0C5E2A69-08D2-4408-828A-2FA076843F64}.Debug|x64.ActiveCfg = Debug|Any CPU
		{0C5E2A69-08D2-4408-828A-2FA076843F64}.Debug|x64.Build.0 = Debug|Any CPU
		{0C5E2A69-08D2-4408-828A-2FA076843F64}.Release|Any CPU.ActiveCfg = Release|Any CPU
		{0C5E2A69-08D2-4408-828A-2FA076843F64}.Release|Any CPU.Build.0 = Release|Any CPU
		{0C5E2A69-08D2-4408-828A-2FA076843F64}.Release|x64.ActiveCfg = Release|Any CPU
		{0C5E2A69-08D2-4408-828A-2FA076843F64}.Release|x64.Build.0 = Release|Any CPU
		{595495D3-6046-45F5-B486-B1161605FE6E}.Debug|Any CPU.ActiveCfg = Debug|Any CPU
		{595495D3-6046-45F5-B486-B1161605FE6E}.Debug|Any CPU.Build.0 = Debug|Any CPU
		{595495D3-6046-45F5-B486-B1161605FE6E}.Debug|x64.ActiveCfg = Debug|x64
		{595495D3-6046-45F5-B486-B1161605FE6E}.Debug|x64.Build.0 = Debug|x64
		{595495D3-6046-45F5-B486-B1161605FE6E}.Release|Any CPU.ActiveCfg = Release|Any CPU
		{595495D3-6046-45F5-B486-B1161605FE6E}.Release|Any CPU.Build.0 = Release|Any CPU
		{595495D3-6046-45F5-B486-B1161605FE6E}.Release|x64.ActiveCfg = Release|x64
		{595495D3-6046-45F5-B486-B1161605FE6E}.Release|x64.Build.0 = Release|x64
	EndGlobalSection
	GlobalSection(SolutionProperties) = preSolution
		HideSolutionNode = FALSE
	EndGlobalSection
	GlobalSection(ExtensibilityGlobals) = postSolution
		SolutionGuid = {AC4DBCAA-D9E6-43A2-93EF-66671E777CB5}
	EndGlobalSection
EndGlobal
